
Microsoft Visual Studio Solution File, Format Version 12.00
# Visual Studio Version 17
VisualStudioVersion = 17.14.36717.8 d17.14
MinimumVisualStudioVersion = 10.0.40219.1
Project("{FAE04EC0-301F-11D3-BF4B-00C04F79EFBC}") = "Stack", "Stack.csproj", "{A71E7E7B-73AD-4151-9AC7-208F0C169F68}"
EndProject
Global
	GlobalSection(SolutionConfigurationPlatforms) = preSolution
		Debug|Any CPU = Debug|Any CPU
		Release|Any CPU = Release|Any CPU
	EndGlobalSection
	GlobalSection(ProjectConfigurationPlatforms) = postSolution
		{A71E7E7B-73AD-4151-9AC7-208F0C169F68}.Debug|Any CPU.ActiveCfg = Debug|Any CPU
		{A71E7E7B-73AD-4151-9AC7-208F0C169F68}.Debug|Any CPU.Build.0 = Debug|Any CPU
		{A71E7E7B-73AD-4151-9AC7-208F0C169F68}.Release|Any CPU.ActiveCfg = Release|Any CPU
		{A71E7E7B-73AD-4151-9AC7-208F0C169F68}.Release|Any CPU.Build.0 = Release|Any CPU
	EndGlobalSection
	GlobalSection(SolutionProperties) = preSolution
		HideSolutionNode = FALSE
	EndGlobalSection
	GlobalSection(ExtensibilityGlobals) = postSolution
		SolutionGuid = {490C1404-DE61-42BE-86A5-272114FB094A}
	EndGlobalSection
EndGlobal
